
Microsoft Visual Studio Solution File, Format Version 12.00
# Visual Studio 15
VisualStudioVersion = 15.0.26124.0
MinimumVisualStudioVersion = 15.0.26124.0
Project("{2150E333-8FDC-42A3-9474-1A3956D46DE8}") = "src", "src", "{36B0B268-BEB8-41AB-9ABC-D4030362F3F1}"
EndProject
Project("{FAE04EC0-301F-11D3-BF4B-00C04F79EFBC}") = "ASPNETCoreIdentitySample", "src\ASPNETCoreIdentitySample\ASPNETCoreIdentitySample.csproj", "{2297A266-8592-43FE-ADD3-8A38B102D7D6}"
EndProject
Project("{FAE04EC0-301F-11D3-BF4B-00C04F79EFBC}") = "ASPNETCoreIdentitySample.Services", "src\ASPNETCoreIdentitySample.Services\ASPNETCoreIdentitySample.Services.csproj", "{B2A0D09F-900C-442D-A189-96D9AA4FFC64}"
EndProject
Project("{FAE04EC0-301F-11D3-BF4B-00C04F79EFBC}") = "ASPNETCoreIdentitySample.ViewModels", "src\ASPNETCoreIdentitySample.ViewModels\ASPNETCoreIdentitySample.ViewModels.csproj", "{C02C3264-B934-41CE-AF65-BEE3DF541AD3}"
EndProject
Project("{FAE04EC0-301F-11D3-BF4B-00C04F79EFBC}") = "ASPNETCoreIdentitySample.Entities", "src\ASPNETCoreIdentitySample.Entities\ASPNETCoreIdentitySample.Entities.csproj", "{F879045B-B29C-4AF7-B38B-1230617987B1}"
EndProject
Project("{FAE04EC0-301F-11D3-BF4B-00C04F79EFBC}") = "ASPNETCoreIdentitySample.DataLayer", "src\ASPNETCoreIdentitySample.DataLayer\ASPNETCoreIdentitySample.DataLayer.csproj", "{6CD5A649-DBE1-478A-AD1F-E2A57731283B}"
EndProject
Project("{FAE04EC0-301F-11D3-BF4B-00C04F79EFBC}") = "ASPNETCoreIdentitySample.MsTests", "src\ASPNETCoreIdentitySample.MsTests\ASPNETCoreIdentitySample.MsTests.csproj", "{CC9AD44C-903C-4446-9FE1-036C88DAF696}"
EndProject
Project("{FAE04EC0-301F-11D3-BF4B-00C04F79EFBC}") = "ASPNETCoreIdentitySample.Common", "src\ASPNETCoreIdentitySample.Common\ASPNETCoreIdentitySample.Common.csproj", "{35EF6FD8-946A-4A76-94CA-B2D3050F39FD}"
EndProject
Project("{FAE04EC0-301F-11D3-BF4B-00C04F79EFBC}") = "ASPNETCoreIdentitySample.IocConfig", "src\ASPNETCoreIdentitySample.IocConfig\ASPNETCoreIdentitySample.IocConfig.csproj", "{61DD7F28-AEB8-4B38-8E13-C51EC579F3F0}"
EndProject
Project("{FAE04EC0-301F-11D3-BF4B-00C04F79EFBC}") = "ASPNETCoreIdentitySample.DataLayer.MSSQL", "src\ASPNETCoreIdentitySample.DataLayer.MSSQL\ASPNETCoreIdentitySample.DataLayer.MSSQL.csproj", "{AFCB7129-1F79-4E38-BC58-A08C916AC1DD}"
EndProject
Project("{FAE04EC0-301F-11D3-BF4B-00C04F79EFBC}") = "ASPNETCoreIdentitySample.DataLayer.SQLite", "src\ASPNETCoreIdentitySample.DataLayer.SQLite\ASPNETCoreIdentitySample.DataLayer.SQLite.csproj", "{3BEFF2C3-A63A-4A47-9F57-A87F18A93429}"
EndProject
Project("{FAE04EC0-301F-11D3-BF4B-00C04F79EFBC}") = "ASPNETCoreIdentitySample.DataLayer.InMemoryDatabase", "src\ASPNETCoreIdentitySample.DataLayer.InMemoryDatabase\ASPNETCoreIdentitySample.DataLayer.InMemoryDatabase.csproj", "{9AE64D6A-BBAD-45E2-94F0-18FAD5911D21}"
EndProject
Global
	GlobalSection(SolutionConfigurationPlatforms) = preSolution
		Debug|Any CPU = Debug|Any CPU
		Debug|x64 = Debug|x64
		Debug|x86 = Debug|x86
		Release|Any CPU = Release|Any CPU
		Release|x64 = Release|x64
		Release|x86 = Release|x86
	EndGlobalSection
	GlobalSection(SolutionProperties) = preSolution
		HideSolutionNode = FALSE
	EndGlobalSection
	GlobalSection(ProjectConfigurationPlatforms) = postSolution
		{2297A266-8592-43FE-ADD3-8A38B102D7D6}.Debug|Any CPU.ActiveCfg = Debug|Any CPU
		{2297A266-8592-43FE-ADD3-8A38B102D7D6}.Debug|Any CPU.Build.0 = Debug|Any CPU
		{2297A266-8592-43FE-ADD3-8A38B102D7D6}.Debug|x64.ActiveCfg = Debug|Any CPU
		{2297A266-8592-43FE-ADD3-8A38B102D7D6}.Debug|x64.Build.0 = Debug|Any CPU
		{2297A266-8592-43FE-ADD3-8A38B102D7D6}.Debug|x86.ActiveCfg = Debug|Any CPU
		{2297A266-8592-43FE-ADD3-8A38B102D7D6}.Debug|x86.Build.0 = Debug|Any CPU
		{2297A266-8592-43FE-ADD3-8A38B102D7D6}.Release|Any CPU.ActiveCfg = Release|Any CPU
		{2297A266-8592-43FE-ADD3-8A38B102D7D6}.Release|Any CPU.Build.0 = Release|Any CPU
		{2297A266-8592-43FE-ADD3-8A38B102D7D6}.Release|x64.ActiveCfg = Release|Any CPU
		{2297A266-8592-43FE-ADD3-8A38B102D7D6}.Release|x64.Build.0 = Release|Any CPU
		{2297A266-8592-43FE-ADD3-8A38B102D7D6}.Release|x86.ActiveCfg = Release|Any CPU
		{2297A266-8592-43FE-ADD3-8A38B102D7D6}.Release|x86.Build.0 = Release|Any CPU
		{B2A0D09F-900C-442D-A189-96D9AA4FFC64}.Debug|Any CPU.ActiveCfg = Debug|Any CPU
		{B2A0D09F-900C-442D-A189-96D9AA4FFC64}.Debug|Any CPU.Build.0 = Debug|Any CPU
		{B2A0D09F-900C-442D-A189-96D9AA4FFC64}.Debug|x64.ActiveCfg = Debug|Any CPU
		{B2A0D09F-900C-442D-A189-96D9AA4FFC64}.Debug|x64.Build.0 = Debug|Any CPU
		{B2A0D09F-900C-442D-A189-96D9AA4FFC64}.Debug|x86.ActiveCfg = Debug|Any CPU
		{B2A0D09F-900C-442D-A189-96D9AA4FFC64}.Debug|x86.Build.0 = Debug|Any CPU
		{B2A0D09F-900C-442D-A189-96D9AA4FFC64}.Release|Any CPU.ActiveCfg = Release|Any CPU
		{B2A0D09F-900C-442D-A189-96D9AA4FFC64}.Release|Any CPU.Build.0 = Release|Any CPU
		{B2A0D09F-900C-442D-A189-96D9AA4FFC64}.Release|x64.ActiveCfg = Release|Any CPU
		{B2A0D09F-900C-442D-A189-96D9AA4FFC64}.Release|x64.Build.0 = Release|Any CPU
		{B2A0D09F-900C-442D-A189-96D9AA4FFC64}.Release|x86.ActiveCfg = Release|Any CPU
		{B2A0D09F-900C-442D-A189-96D9AA4FFC64}.Release|x86.Build.0 = Release|Any CPU
		{C02C3264-B934-41CE-AF65-BEE3DF541AD3}.Debug|Any CPU.ActiveCfg = Debug|Any CPU
		{C02C3264-B934-41CE-AF65-BEE3DF541AD3}.Debug|Any CPU.Build.0 = Debug|Any CPU
		{C02C3264-B934-41CE-AF65-BEE3DF541AD3}.Debug|x64.ActiveCfg = Debug|Any CPU
		{C02C3264-B934-41CE-AF65-BEE3DF541AD3}.Debug|x64.Build.0 = Debug|Any CPU
		{C02C3264-B934-41CE-AF65-BEE3DF541AD3}.Debug|x86.ActiveCfg = Debug|Any CPU
		{C02C3264-B934-41CE-AF65-BEE3DF541AD3}.Debug|x86.Build.0 = Debug|Any CPU
		{C02C3264-B934-41CE-AF65-BEE3DF541AD3}.Release|Any CPU.ActiveCfg = Release|Any CPU
		{C02C3264-B934-41CE-AF65-BEE3DF541AD3}.Release|Any CPU.Build.0 = Release|Any CPU
		{C02C3264-B934-41CE-AF65-BEE3DF541AD3}.Release|x64.ActiveCfg = Release|Any CPU
		{C02C3264-B934-41CE-AF65-BEE3DF541AD3}.Release|x64.Build.0 = Release|Any CPU
		{C02C3264-B934-41CE-AF65-BEE3DF541AD3}.Release|x86.ActiveCfg = Release|Any CPU
		{C02C3264-B934-41CE-AF65-BEE3DF541AD3}.Release|x86.Build.0 = Release|Any CPU
		{F879045B-B29C-4AF7-B38B-1230617987B1}.Debug|Any CPU.ActiveCfg = Debug|Any CPU
		{F879045B-B29C-4AF7-B38B-1230617987B1}.Debug|Any CPU.Build.0 = Debug|Any CPU
		{F879045B-B29C-4AF7-B38B-1230617987B1}.Debug|x64.ActiveCfg = Debug|Any CPU
		{F879045B-B29C-4AF7-B38B-1230617987B1}.Debug|x64.Build.0 = Debug|Any CPU
		{F879045B-B29C-4AF7-B38B-1230617987B1}.Debug|x86.ActiveCfg = Debug|Any CPU
		{F879045B-B29C-4AF7-B38B-1230617987B1}.Debug|x86.Build.0 = Debug|Any CPU
		{F879045B-B29C-4AF7-B38B-1230617987B1}.Release|Any CPU.ActiveCfg = Release|Any CPU
		{F879045B-B29C-4AF7-B38B-1230617987B1}.Release|Any CPU.Build.0 = Release|Any CPU
		{F879045B-B29C-4AF7-B38B-1230617987B1}.Release|x64.ActiveCfg = Release|Any CPU
		{F879045B-B29C-4AF7-B38B-1230617987B1}.Release|x64.Build.0 = Release|Any CPU
		{F879045B-B29C-4AF7-B38B-1230617987B1}.Release|x86.ActiveCfg = Release|Any CPU
		{F879045B-B29C-4AF7-B38B-1230617987B1}.Release|x86.Build.0 = Release|Any CPU
		{6CD5A649-DBE1-478A-AD1F-E2A57731283B}.Debug|Any CPU.ActiveCfg = Debug|Any CPU
		{6CD5A649-DBE1-478A-AD1F-E2A57731283B}.Debug|Any CPU.Build.0 = Debug|Any CPU
		{6CD5A649-DBE1-478A-AD1F-E2A57731283B}.Debug|x64.ActiveCfg = Debug|Any CPU
		{6CD5A649-DBE1-478A-AD1F-E2A57731283B}.Debug|x64.Build.0 = Debug|Any CPU
		{6CD5A649-DBE1-478A-AD1F-E2A57731283B}.Debug|x86.ActiveCfg = Debug|Any CPU
		{6CD5A649-DBE1-478A-AD1F-E2A57731283B}.Debug|x86.Build.0 = Debug|Any CPU
		{6CD5A649-DBE1-478A-AD1F-E2A57731283B}.Release|Any CPU.ActiveCfg = Release|Any CPU
		{6CD5A649-DBE1-478A-AD1F-E2A57731283B}.Release|Any CPU.Build.0 = Release|Any CPU
		{6CD5A649-DBE1-478A-AD1F-E2A57731283B}.Release|x64.ActiveCfg = Release|Any CPU
		{6CD5A649-DBE1-478A-AD1F-E2A57731283B}.Release|x64.Build.0 = Release|Any CPU
		{6CD5A649-DBE1-478A-AD1F-E2A57731283B}.Release|x86.ActiveCfg = Release|Any CPU
		{6CD5A649-DBE1-478A-AD1F-E2A57731283B}.Release|x86.Build.0 = Release|Any CPU
		{CC9AD44C-903C-4446-9FE1-036C88DAF696}.Debug|Any CPU.ActiveCfg = Debug|Any CPU
		{CC9AD44C-903C-4446-9FE1-036C88DAF696}.Debug|Any CPU.Build.0 = Debug|Any CPU
		{CC9AD44C-903C-4446-9FE1-036C88DAF696}.Debug|x64.ActiveCfg = Debug|Any CPU
		{CC9AD44C-903C-4446-9FE1-036C88DAF696}.Debug|x64.Build.0 = Debug|Any CPU
		{CC9AD44C-903C-4446-9FE1-036C88DAF696}.Debug|x86.ActiveCfg = Debug|Any CPU
		{CC9AD44C-903C-4446-9FE1-036C88DAF696}.Debug|x86.Build.0 = Debug|Any CPU
		{CC9AD44C-903C-4446-9FE1-036C88DAF696}.Release|Any CPU.ActiveCfg = Release|Any CPU
		{CC9AD44C-903C-4446-9FE1-036C88DAF696}.Release|Any CPU.Build.0 = Release|Any CPU
		{CC9AD44C-903C-4446-9FE1-036C88DAF696}.Release|x64.ActiveCfg = Release|Any CPU
		{CC9AD44C-903C-4446-9FE1-036C88DAF696}.Release|x64.Build.0 = Release|Any CPU
		{CC9AD44C-903C-4446-9FE1-036C88DAF696}.Release|x86.ActiveCfg = Release|Any CPU
		{CC9AD44C-903C-4446-9FE1-036C88DAF696}.Release|x86.Build.0 = Release|Any CPU
		{35EF6FD8-946A-4A76-94CA-B2D3050F39FD}.Debug|Any CPU.ActiveCfg = Debug|Any CPU
		{35EF6FD8-946A-4A76-94CA-B2D3050F39FD}.Debug|Any CPU.Build.0 = Debug|Any CPU
		{35EF6FD8-946A-4A76-94CA-B2D3050F39FD}.Debug|x64.ActiveCfg = Debug|Any CPU
		{35EF6FD8-946A-4A76-94CA-B2D3050F39FD}.Debug|x64.Build.0 = Debug|Any CPU
		{35EF6FD8-946A-4A76-94CA-B2D3050F39FD}.Debug|x86.ActiveCfg = Debug|Any CPU
		{35EF6FD8-946A-4A76-94CA-B2D3050F39FD}.Debug|x86.Build.0 = Debug|Any CPU
		{35EF6FD8-946A-4A76-94CA-B2D3050F39FD}.Release|Any CPU.ActiveCfg = Release|Any CPU
		{35EF6FD8-946A-4A76-94CA-B2D3050F39FD}.Release|Any CPU.Build.0 = Release|Any CPU
		{35EF6FD8-946A-4A76-94CA-B2D3050F39FD}.Release|x64.ActiveCfg = Release|Any CPU
		{35EF6FD8-946A-4A76-94CA-B2D3050F39FD}.Release|x64.Build.0 = Release|Any CPU
		{35EF6FD8-946A-4A76-94CA-B2D3050F39FD}.Release|x86.ActiveCfg = Release|Any CPU
		{35EF6FD8-946A-4A76-94CA-B2D3050F39FD}.Release|x86.Build.0 = Release|Any CPU
		{61DD7F28-AEB8-4B38-8E13-C51EC579F3F0}.Debug|Any CPU.ActiveCfg = Debug|Any CPU
		{61DD7F28-AEB8-4B38-8E13-C51EC579F3F0}.Debug|Any CPU.Build.0 = Debug|Any CPU
		{61DD7F28-AEB8-4B38-8E13-C51EC579F3F0}.Debug|x64.ActiveCfg = Debug|Any CPU
		{61DD7F28-AEB8-4B38-8E13-C51EC579F3F0}.Debug|x64.Build.0 = Debug|Any CPU
		{61DD7F28-AEB8-4B38-8E13-C51EC579F3F0}.Debug|x86.ActiveCfg = Debug|Any CPU
		{61DD7F28-AEB8-4B38-8E13-C51EC579F3F0}.Debug|x86.Build.0 = Debug|Any CPU
		{61DD7F28-AEB8-4B38-8E13-C51EC579F3F0}.Release|Any CPU.ActiveCfg = Release|Any CPU
		{61DD7F28-AEB8-4B38-8E13-C51EC579F3F0}.Release|Any CPU.Build.0 = Release|Any CPU
		{61DD7F28-AEB8-4B38-8E13-C51EC579F3F0}.Release|x64.ActiveCfg = Release|Any CPU
		{61DD7F28-AEB8-4B38-8E13-C51EC579F3F0}.Release|x64.Build.0 = Release|Any CPU
		{61DD7F28-AEB8-4B38-8E13-C51EC579F3F0}.Release|x86.ActiveCfg = Release|Any CPU
		{61DD7F28-AEB8-4B38-8E13-C51EC579F3F0}.Release|x86.Build.0 = Release|Any CPU
		{AFCB7129-1F79-4E38-BC58-A08C916AC1DD}.Debug|Any CPU.ActiveCfg = Debug|Any CPU
		{AFCB7129-1F79-4E38-BC58-A08C916AC1DD}.Debug|Any CPU.Build.0 = Debug|Any CPU
		{AFCB7129-1F79-4E38-BC58-A08C916AC1DD}.Debug|x64.ActiveCfg = Debug|Any CPU
		{AFCB7129-1F79-4E38-BC58-A08C916AC1DD}.Debug|x64.Build.0 = Debug|Any CPU
		{AFCB7129-1F79-4E38-BC58-A08C916AC1DD}.Debug|x86.ActiveCfg = Debug|Any CPU
		{AFCB7129-1F79-4E38-BC58-A08C916AC1DD}.Debug|x86.Build.0 = Debug|Any CPU
		{AFCB7129-1F79-4E38-BC58-A08C916AC1DD}.Release|Any CPU.ActiveCfg = Release|Any CPU
		{AFCB7129-1F79-4E38-BC58-A08C916AC1DD}.Release|Any CPU.Build.0 = Release|Any CPU
		{AFCB7129-1F79-4E38-BC58-A08C916AC1DD}.Release|x64.ActiveCfg = Release|Any CPU
		{AFCB7129-1F79-4E38-BC58-A08C916AC1DD}.Release|x64.Build.0 = Release|Any CPU
		{AFCB7129-1F79-4E38-BC58-A08C916AC1DD}.Release|x86.ActiveCfg = Release|Any CPU
		{AFCB7129-1F79-4E38-BC58-A08C916AC1DD}.Release|x86.Build.0 = Release|Any CPU
		{3BEFF2C3-A63A-4A47-9F57-A87F18A93429}.Debug|Any CPU.ActiveCfg = Debug|Any CPU
		{3BEFF2C3-A63A-4A47-9F57-A87F18A93429}.Debug|Any CPU.Build.0 = Debug|Any CPU
		{3BEFF2C3-A63A-4A47-9F57-A87F18A93429}.Debug|x64.ActiveCfg = Debug|Any CPU
		{3BEFF2C3-A63A-4A47-9F57-A87F18A93429}.Debug|x64.Build.0 = Debug|Any CPU
		{3BEFF2C3-A63A-4A47-9F57-A87F18A93429}.Debug|x86.ActiveCfg = Debug|Any CPU
		{3BEFF2C3-A63A-4A47-9F57-A87F18A93429}.Debug|x86.Build.0 = Debug|Any CPU
		{3BEFF2C3-A63A-4A47-9F57-A87F18A93429}.Release|Any CPU.ActiveCfg = Release|Any CPU
		{3BEFF2C3-A63A-4A47-9F57-A87F18A93429}.Release|Any CPU.Build.0 = Release|Any CPU
		{3BEFF2C3-A63A-4A47-9F57-A87F18A93429}.Release|x64.ActiveCfg = Release|Any CPU
		{3BEFF2C3-A63A-4A47-9F57-A87F18A93429}.Release|x64.Build.0 = Release|Any CPU
		{3BEFF2C3-A63A-4A47-9F57-A87F18A93429}.Release|x86.ActiveCfg = Release|Any CPU
		{3BEFF2C3-A63A-4A47-9F57-A87F18A93429}.Release|x86.Build.0 = Release|Any CPU
		{9AE64D6A-BBAD-45E2-94F0-18FAD5911D21}.Debug|Any CPU.ActiveCfg = Debug|Any CPU
		{9AE64D6A-BBAD-45E2-94F0-18FAD5911D21}.Debug|Any CPU.Build.0 = Debug|Any CPU
		{9AE64D6A-BBAD-45E2-94F0-18FAD5911D21}.Debug|x64.ActiveCfg = Debug|Any CPU
		{9AE64D6A-BBAD-45E2-94F0-18FAD5911D21}.Debug|x64.Build.0 = Debug|Any CPU
		{9AE64D6A-BBAD-45E2-94F0-18FAD5911D21}.Debug|x86.ActiveCfg = Debug|Any CPU
		{9AE64D6A-BBAD-45E2-94F0-18FAD5911D21}.Debug|x86.Build.0 = Debug|Any CPU
		{9AE64D6A-BBAD-45E2-94F0-18FAD5911D21}.Release|Any CPU.ActiveCfg = Release|Any CPU
		{9AE64D6A-BBAD-45E2-94F0-18FAD5911D21}.Release|Any CPU.Build.0 = Release|Any CPU
		{9AE64D6A-BBAD-45E2-94F0-18FAD5911D21}.Release|x64.ActiveCfg = Release|Any CPU
		{9AE64D6A-BBAD-45E2-94F0-18FAD5911D21}.Release|x64.Build.0 = Release|Any CPU
		{9AE64D6A-BBAD-45E2-94F0-18FAD5911D21}.Release|x86.ActiveCfg = Release|Any CPU
		{9AE64D6A-BBAD-45E2-94F0-18FAD5911D21}.Release|x86.Build.0 = Release|Any CPU
	EndGlobalSection
	GlobalSection(NestedProjects) = preSolution
		{2297A266-8592-43FE-ADD3-8A38B102D7D6} = {36B0B268-BEB8-41AB-9ABC-D4030362F3F1}
		{B2A0D09F-900C-442D-A189-96D9AA4FFC64} = {36B0B268-BEB8-41AB-9ABC-D4030362F3F1}
		{C02C3264-B934-41CE-AF65-BEE3DF541AD3} = {36B0B268-BEB8-41AB-9ABC-D4030362F3F1}
		{F879045B-B29C-4AF7-B38B-1230617987B1} = {36B0B268-BEB8-41AB-9ABC-D4030362F3F1}
		{6CD5A649-DBE1-478A-AD1F-E2A57731283B} = {36B0B268-BEB8-41AB-9ABC-D4030362F3F1}
		{CC9AD44C-903C-4446-9FE1-036C88DAF696} = {36B0B268-BEB8-41AB-9ABC-D4030362F3F1}
		{35EF6FD8-946A-4A76-94CA-B2D3050F39FD} = {36B0B268-BEB8-41AB-9ABC-D4030362F3F1}
		{61DD7F28-AEB8-4B38-8E13-C51EC579F3F0} = {36B0B268-BEB8-41AB-9ABC-D4030362F3F1}
		{AFCB7129-1F79-4E38-BC58-A08C916AC1DD} = {36B0B268-BEB8-41AB-9ABC-D4030362F3F1}
		{3BEFF2C3-A63A-4A47-9F57-A87F18A93429} = {36B0B268-BEB8-41AB-9ABC-D4030362F3F1}
		{9AE64D6A-BBAD-45E2-94F0-18FAD5911D21} = {36B0B268-BEB8-41AB-9ABC-D4030362F3F1}
	EndGlobalSection
EndGlobal
