
Microsoft Visual Studio Solution File, Format Version 12.00
# Visual Studio 15
VisualStudioVersion = 15.0.26124.0
MinimumVisualStudioVersion = 15.0.26124.0
Project("{2150E333-8FDC-42A3-9474-1A3956D46DE8}") = "src", "src", "{49E18C12-4851-4C7C-BC0A-D0FFE1939AA0}"
EndProject
Project("{FAE04EC0-301F-11D3-BF4B-00C04F79EFBC}") = "ASPNETCoreIdentitySample", "src\ASPNETCoreIdentitySample\ASPNETCoreIdentitySample.csproj", "{1DFE1AF1-3A1E-4D22-86D3-802B5249087C}"
EndProject
Project("{FAE04EC0-301F-11D3-BF4B-00C04F79EFBC}") = "ASPNETCoreIdentitySample.Services", "src\ASPNETCoreIdentitySample.Services\ASPNETCoreIdentitySample.Services.csproj", "{FD5B498F-5054-48EA-A604-43259D4EC4DF}"
EndProject
Project("{FAE04EC0-301F-11D3-BF4B-00C04F79EFBC}") = "ASPNETCoreIdentitySample.ViewModels", "src\ASPNETCoreIdentitySample.ViewModels\ASPNETCoreIdentitySample.ViewModels.csproj", "{D09D18D2-8CBD-40B3-B24A-5A5B4C7EE606}"
EndProject
Project("{FAE04EC0-301F-11D3-BF4B-00C04F79EFBC}") = "ASPNETCoreIdentitySample.Entities", "src\ASPNETCoreIdentitySample.Entities\ASPNETCoreIdentitySample.Entities.csproj", "{3A4E622D-97FF-41E7-83DD-7DF64CA43000}"
EndProject
Project("{FAE04EC0-301F-11D3-BF4B-00C04F79EFBC}") = "ASPNETCoreIdentitySample.DataLayer", "src\ASPNETCoreIdentitySample.DataLayer\ASPNETCoreIdentitySample.DataLayer.csproj", "{405D70D3-21FA-4B2B-8298-9D8EDF5CC44C}"
EndProject
Project("{FAE04EC0-301F-11D3-BF4B-00C04F79EFBC}") = "ASPNETCoreIdentitySample.MsTests", "src\ASPNETCoreIdentitySample.MsTests\ASPNETCoreIdentitySample.MsTests.csproj", "{05BFF3B7-86BD-4CF5-B8C8-B6813A3251CE}"
EndProject
Project("{FAE04EC0-301F-11D3-BF4B-00C04F79EFBC}") = "ASPNETCoreIdentitySample.Common", "src\ASPNETCoreIdentitySample.Common\ASPNETCoreIdentitySample.Common.csproj", "{608EB3EC-8E85-49A4-AA51-EF5472CE4144}"
EndProject
Project("{FAE04EC0-301F-11D3-BF4B-00C04F79EFBC}") = "ASPNETCoreIdentitySample.IocConfig", "src\ASPNETCoreIdentitySample.IocConfig\ASPNETCoreIdentitySample.IocConfig.csproj", "{824E25CA-A742-4785-BF86-19CB57902D9D}"
EndProject
Project("{FAE04EC0-301F-11D3-BF4B-00C04F79EFBC}") = "ASPNETCoreIdentitySample.DataLayer.MSSQL", "src\ASPNETCoreIdentitySample.DataLayer.MSSQL\ASPNETCoreIdentitySample.DataLayer.MSSQL.csproj", "{CBB9F461-0537-4ECE-8368-A7B80F1265BD}"
EndProject
Project("{FAE04EC0-301F-11D3-BF4B-00C04F79EFBC}") = "ASPNETCoreIdentitySample.DataLayer.SQLite", "src\ASPNETCoreIdentitySample.DataLayer.SQLite\ASPNETCoreIdentitySample.DataLayer.SQLite.csproj", "{CB843507-E47B-4A4E-B8C7-C964E0F58ECD}"
EndProject
Project("{FAE04EC0-301F-11D3-BF4B-00C04F79EFBC}") = "ASPNETCoreIdentitySample.DataLayer.InMemoryDatabase", "src\ASPNETCoreIdentitySample.DataLayer.InMemoryDatabase\ASPNETCoreIdentitySample.DataLayer.InMemoryDatabase.csproj", "{DB9AFE13-F16A-44A3-B507-EF04E7418088}"
EndProject
Global
	GlobalSection(SolutionConfigurationPlatforms) = preSolution
		Debug|Any CPU = Debug|Any CPU
		Debug|x64 = Debug|x64
		Debug|x86 = Debug|x86
		Release|Any CPU = Release|Any CPU
		Release|x64 = Release|x64
		Release|x86 = Release|x86
	EndGlobalSection
	GlobalSection(SolutionProperties) = preSolution
		HideSolutionNode = FALSE
	EndGlobalSection
	GlobalSection(ProjectConfigurationPlatforms) = postSolution
		{1DFE1AF1-3A1E-4D22-86D3-802B5249087C}.Debug|Any CPU.ActiveCfg = Debug|Any CPU
		{1DFE1AF1-3A1E-4D22-86D3-802B5249087C}.Debug|Any CPU.Build.0 = Debug|Any CPU
		{1DFE1AF1-3A1E-4D22-86D3-802B5249087C}.Debug|x64.ActiveCfg = Debug|Any CPU
		{1DFE1AF1-3A1E-4D22-86D3-802B5249087C}.Debug|x64.Build.0 = Debug|Any CPU
		{1DFE1AF1-3A1E-4D22-86D3-802B5249087C}.Debug|x86.ActiveCfg = Debug|Any CPU
		{1DFE1AF1-3A1E-4D22-86D3-802B5249087C}.Debug|x86.Build.0 = Debug|Any CPU
		{1DFE1AF1-3A1E-4D22-86D3-802B5249087C}.Release|Any CPU.ActiveCfg = Release|Any CPU
		{1DFE1AF1-3A1E-4D22-86D3-802B5249087C}.Release|Any CPU.Build.0 = Release|Any CPU
		{1DFE1AF1-3A1E-4D22-86D3-802B5249087C}.Release|x64.ActiveCfg = Release|Any CPU
		{1DFE1AF1-3A1E-4D22-86D3-802B5249087C}.Release|x64.Build.0 = Release|Any CPU
		{1DFE1AF1-3A1E-4D22-86D3-802B5249087C}.Release|x86.ActiveCfg = Release|Any CPU
		{1DFE1AF1-3A1E-4D22-86D3-802B5249087C}.Release|x86.Build.0 = Release|Any CPU
		{FD5B498F-5054-48EA-A604-43259D4EC4DF}.Debug|Any CPU.ActiveCfg = Debug|Any CPU
		{FD5B498F-5054-48EA-A604-43259D4EC4DF}.Debug|Any CPU.Build.0 = Debug|Any CPU
		{FD5B498F-5054-48EA-A604-43259D4EC4DF}.Debug|x64.ActiveCfg = Debug|Any CPU
		{FD5B498F-5054-48EA-A604-43259D4EC4DF}.Debug|x64.Build.0 = Debug|Any CPU
		{FD5B498F-5054-48EA-A604-43259D4EC4DF}.Debug|x86.ActiveCfg = Debug|Any CPU
		{FD5B498F-5054-48EA-A604-43259D4EC4DF}.Debug|x86.Build.0 = Debug|Any CPU
		{FD5B498F-5054-48EA-A604-43259D4EC4DF}.Release|Any CPU.ActiveCfg = Release|Any CPU
		{FD5B498F-5054-48EA-A604-43259D4EC4DF}.Release|Any CPU.Build.0 = Release|Any CPU
		{FD5B498F-5054-48EA-A604-43259D4EC4DF}.Release|x64.ActiveCfg = Release|Any CPU
		{FD5B498F-5054-48EA-A604-43259D4EC4DF}.Release|x64.Build.0 = Release|Any CPU
		{FD5B498F-5054-48EA-A604-43259D4EC4DF}.Release|x86.ActiveCfg = Release|Any CPU
		{FD5B498F-5054-48EA-A604-43259D4EC4DF}.Release|x86.Build.0 = Release|Any CPU
		{D09D18D2-8CBD-40B3-B24A-5A5B4C7EE606}.Debug|Any CPU.ActiveCfg = Debug|Any CPU
		{D09D18D2-8CBD-40B3-B24A-5A5B4C7EE606}.Debug|Any CPU.Build.0 = Debug|Any CPU
		{D09D18D2-8CBD-40B3-B24A-5A5B4C7EE606}.Debug|x64.ActiveCfg = Debug|Any CPU
		{D09D18D2-8CBD-40B3-B24A-5A5B4C7EE606}.Debug|x64.Build.0 = Debug|Any CPU
		{D09D18D2-8CBD-40B3-B24A-5A5B4C7EE606}.Debug|x86.ActiveCfg = Debug|Any CPU
		{D09D18D2-8CBD-40B3-B24A-5A5B4C7EE606}.Debug|x86.Build.0 = Debug|Any CPU
		{D09D18D2-8CBD-40B3-B24A-5A5B4C7EE606}.Release|Any CPU.ActiveCfg = Release|Any CPU
		{D09D18D2-8CBD-40B3-B24A-5A5B4C7EE606}.Release|Any CPU.Build.0 = Release|Any CPU
		{D09D18D2-8CBD-40B3-B24A-5A5B4C7EE606}.Release|x64.ActiveCfg = Release|Any CPU
		{D09D18D2-8CBD-40B3-B24A-5A5B4C7EE606}.Release|x64.Build.0 = Release|Any CPU
		{D09D18D2-8CBD-40B3-B24A-5A5B4C7EE606}.Release|x86.ActiveCfg = Release|Any CPU
		{D09D18D2-8CBD-40B3-B24A-5A5B4C7EE606}.Release|x86.Build.0 = Release|Any CPU
		{3A4E622D-97FF-41E7-83DD-7DF64CA43000}.Debug|Any CPU.ActiveCfg = Debug|Any CPU
		{3A4E622D-97FF-41E7-83DD-7DF64CA43000}.Debug|Any CPU.Build.0 = Debug|Any CPU
		{3A4E622D-97FF-41E7-83DD-7DF64CA43000}.Debug|x64.ActiveCfg = Debug|Any CPU
		{3A4E622D-97FF-41E7-83DD-7DF64CA43000}.Debug|x64.Build.0 = Debug|Any CPU
		{3A4E622D-97FF-41E7-83DD-7DF64CA43000}.Debug|x86.ActiveCfg = Debug|Any CPU
		{3A4E622D-97FF-41E7-83DD-7DF64CA43000}.Debug|x86.Build.0 = Debug|Any CPU
		{3A4E622D-97FF-41E7-83DD-7DF64CA43000}.Release|Any CPU.ActiveCfg = Release|Any CPU
		{3A4E622D-97FF-41E7-83DD-7DF64CA43000}.Release|Any CPU.Build.0 = Release|Any CPU
		{3A4E622D-97FF-41E7-83DD-7DF64CA43000}.Release|x64.ActiveCfg = Release|Any CPU
		{3A4E622D-97FF-41E7-83DD-7DF64CA43000}.Release|x64.Build.0 = Release|Any CPU
		{3A4E622D-97FF-41E7-83DD-7DF64CA43000}.Release|x86.ActiveCfg = Release|Any CPU
		{3A4E622D-97FF-41E7-83DD-7DF64CA43000}.Release|x86.Build.0 = Release|Any CPU
		{405D70D3-21FA-4B2B-8298-9D8EDF5CC44C}.Debug|Any CPU.ActiveCfg = Debug|Any CPU
		{405D70D3-21FA-4B2B-8298-9D8EDF5CC44C}.Debug|Any CPU.Build.0 = Debug|Any CPU
		{405D70D3-21FA-4B2B-8298-9D8EDF5CC44C}.Debug|x64.ActiveCfg = Debug|Any CPU
		{405D70D3-21FA-4B2B-8298-9D8EDF5CC44C}.Debug|x64.Build.0 = Debug|Any CPU
		{405D70D3-21FA-4B2B-8298-9D8EDF5CC44C}.Debug|x86.ActiveCfg = Debug|Any CPU
		{405D70D3-21FA-4B2B-8298-9D8EDF5CC44C}.Debug|x86.Build.0 = Debug|Any CPU
		{405D70D3-21FA-4B2B-8298-9D8EDF5CC44C}.Release|Any CPU.ActiveCfg = Release|Any CPU
		{405D70D3-21FA-4B2B-8298-9D8EDF5CC44C}.Release|Any CPU.Build.0 = Release|Any CPU
		{405D70D3-21FA-4B2B-8298-9D8EDF5CC44C}.Release|x64.ActiveCfg = Release|Any CPU
		{405D70D3-21FA-4B2B-8298-9D8EDF5CC44C}.Release|x64.Build.0 = Release|Any CPU
		{405D70D3-21FA-4B2B-8298-9D8EDF5CC44C}.Release|x86.ActiveCfg = Release|Any CPU
		{405D70D3-21FA-4B2B-8298-9D8EDF5CC44C}.Release|x86.Build.0 = Release|Any CPU
		{05BFF3B7-86BD-4CF5-B8C8-B6813A3251CE}.Debug|Any CPU.ActiveCfg = Debug|Any CPU
		{05BFF3B7-86BD-4CF5-B8C8-B6813A3251CE}.Debug|Any CPU.Build.0 = Debug|Any CPU
		{05BFF3B7-86BD-4CF5-B8C8-B6813A3251CE}.Debug|x64.ActiveCfg = Debug|Any CPU
		{05BFF3B7-86BD-4CF5-B8C8-B6813A3251CE}.Debug|x64.Build.0 = Debug|Any CPU
		{05BFF3B7-86BD-4CF5-B8C8-B6813A3251CE}.Debug|x86.ActiveCfg = Debug|Any CPU
		{05BFF3B7-86BD-4CF5-B8C8-B6813A3251CE}.Debug|x86.Build.0 = Debug|Any CPU
		{05BFF3B7-86BD-4CF5-B8C8-B6813A3251CE}.Release|Any CPU.ActiveCfg = Release|Any CPU
		{05BFF3B7-86BD-4CF5-B8C8-B6813A3251CE}.Release|Any CPU.Build.0 = Release|Any CPU
		{05BFF3B7-86BD-4CF5-B8C8-B6813A3251CE}.Release|x64.ActiveCfg = Release|Any CPU
		{05BFF3B7-86BD-4CF5-B8C8-B6813A3251CE}.Release|x64.Build.0 = Release|Any CPU
		{05BFF3B7-86BD-4CF5-B8C8-B6813A3251CE}.Release|x86.ActiveCfg = Release|Any CPU
		{05BFF3B7-86BD-4CF5-B8C8-B6813A3251CE}.Release|x86.Build.0 = Release|Any CPU
		{608EB3EC-8E85-49A4-AA51-EF5472CE4144}.Debug|Any CPU.ActiveCfg = Debug|Any CPU
		{608EB3EC-8E85-49A4-AA51-EF5472CE4144}.Debug|Any CPU.Build.0 = Debug|Any CPU
		{608EB3EC-8E85-49A4-AA51-EF5472CE4144}.Debug|x64.ActiveCfg = Debug|Any CPU
		{608EB3EC-8E85-49A4-AA51-EF5472CE4144}.Debug|x64.Build.0 = Debug|Any CPU
		{608EB3EC-8E85-49A4-AA51-EF5472CE4144}.Debug|x86.ActiveCfg = Debug|Any CPU
		{608EB3EC-8E85-49A4-AA51-EF5472CE4144}.Debug|x86.Build.0 = Debug|Any CPU
		{608EB3EC-8E85-49A4-AA51-EF5472CE4144}.Release|Any CPU.ActiveCfg = Release|Any CPU
		{608EB3EC-8E85-49A4-AA51-EF5472CE4144}.Release|Any CPU.Build.0 = Release|Any CPU
		{608EB3EC-8E85-49A4-AA51-EF5472CE4144}.Release|x64.ActiveCfg = Release|Any CPU
		{608EB3EC-8E85-49A4-AA51-EF5472CE4144}.Release|x64.Build.0 = Release|Any CPU
		{608EB3EC-8E85-49A4-AA51-EF5472CE4144}.Release|x86.ActiveCfg = Release|Any CPU
		{608EB3EC-8E85-49A4-AA51-EF5472CE4144}.Release|x86.Build.0 = Release|Any CPU
		{824E25CA-A742-4785-BF86-19CB57902D9D}.Debug|Any CPU.ActiveCfg = Debug|Any CPU
		{824E25CA-A742-4785-BF86-19CB57902D9D}.Debug|Any CPU.Build.0 = Debug|Any CPU
		{824E25CA-A742-4785-BF86-19CB57902D9D}.Debug|x64.ActiveCfg = Debug|Any CPU
		{824E25CA-A742-4785-BF86-19CB57902D9D}.Debug|x64.Build.0 = Debug|Any CPU
		{824E25CA-A742-4785-BF86-19CB57902D9D}.Debug|x86.ActiveCfg = Debug|Any CPU
		{824E25CA-A742-4785-BF86-19CB57902D9D}.Debug|x86.Build.0 = Debug|Any CPU
		{824E25CA-A742-4785-BF86-19CB57902D9D}.Release|Any CPU.ActiveCfg = Release|Any CPU
		{824E25CA-A742-4785-BF86-19CB57902D9D}.Release|Any CPU.Build.0 = Release|Any CPU
		{824E25CA-A742-4785-BF86-19CB57902D9D}.Release|x64.ActiveCfg = Release|Any CPU
		{824E25CA-A742-4785-BF86-19CB57902D9D}.Release|x64.Build.0 = Release|Any CPU
		{824E25CA-A742-4785-BF86-19CB57902D9D}.Release|x86.ActiveCfg = Release|Any CPU
		{824E25CA-A742-4785-BF86-19CB57902D9D}.Release|x86.Build.0 = Release|Any CPU
		{CBB9F461-0537-4ECE-8368-A7B80F1265BD}.Debug|Any CPU.ActiveCfg = Debug|Any CPU
		{CBB9F461-0537-4ECE-8368-A7B80F1265BD}.Debug|Any CPU.Build.0 = Debug|Any CPU
		{CBB9F461-0537-4ECE-8368-A7B80F1265BD}.Debug|x64.ActiveCfg = Debug|Any CPU
		{CBB9F461-0537-4ECE-8368-A7B80F1265BD}.Debug|x64.Build.0 = Debug|Any CPU
		{CBB9F461-0537-4ECE-8368-A7B80F1265BD}.Debug|x86.ActiveCfg = Debug|Any CPU
		{CBB9F461-0537-4ECE-8368-A7B80F1265BD}.Debug|x86.Build.0 = Debug|Any CPU
		{CBB9F461-0537-4ECE-8368-A7B80F1265BD}.Release|Any CPU.ActiveCfg = Release|Any CPU
		{CBB9F461-0537-4ECE-8368-A7B80F1265BD}.Release|Any CPU.Build.0 = Release|Any CPU
		{CBB9F461-0537-4ECE-8368-A7B80F1265BD}.Release|x64.ActiveCfg = Release|Any CPU
		{CBB9F461-0537-4ECE-8368-A7B80F1265BD}.Release|x64.Build.0 = Release|Any CPU
		{CBB9F461-0537-4ECE-8368-A7B80F1265BD}.Release|x86.ActiveCfg = Release|Any CPU
		{CBB9F461-0537-4ECE-8368-A7B80F1265BD}.Release|x86.Build.0 = Release|Any CPU
		{CB843507-E47B-4A4E-B8C7-C964E0F58ECD}.Debug|Any CPU.ActiveCfg = Debug|Any CPU
		{CB843507-E47B-4A4E-B8C7-C964E0F58ECD}.Debug|Any CPU.Build.0 = Debug|Any CPU
		{CB843507-E47B-4A4E-B8C7-C964E0F58ECD}.Debug|x64.ActiveCfg = Debug|Any CPU
		{CB843507-E47B-4A4E-B8C7-C964E0F58ECD}.Debug|x64.Build.0 = Debug|Any CPU
		{CB843507-E47B-4A4E-B8C7-C964E0F58ECD}.Debug|x86.ActiveCfg = Debug|Any CPU
		{CB843507-E47B-4A4E-B8C7-C964E0F58ECD}.Debug|x86.Build.0 = Debug|Any CPU
		{CB843507-E47B-4A4E-B8C7-C964E0F58ECD}.Release|Any CPU.ActiveCfg = Release|Any CPU
		{CB843507-E47B-4A4E-B8C7-C964E0F58ECD}.Release|Any CPU.Build.0 = Release|Any CPU
		{CB843507-E47B-4A4E-B8C7-C964E0F58ECD}.Release|x64.ActiveCfg = Release|Any CPU
		{CB843507-E47B-4A4E-B8C7-C964E0F58ECD}.Release|x64.Build.0 = Release|Any CPU
		{CB843507-E47B-4A4E-B8C7-C964E0F58ECD}.Release|x86.ActiveCfg = Release|Any CPU
		{CB843507-E47B-4A4E-B8C7-C964E0F58ECD}.Release|x86.Build.0 = Release|Any CPU
		{DB9AFE13-F16A-44A3-B507-EF04E7418088}.Debug|Any CPU.ActiveCfg = Debug|Any CPU
		{DB9AFE13-F16A-44A3-B507-EF04E7418088}.Debug|Any CPU.Build.0 = Debug|Any CPU
		{DB9AFE13-F16A-44A3-B507-EF04E7418088}.Debug|x64.ActiveCfg = Debug|Any CPU
		{DB9AFE13-F16A-44A3-B507-EF04E7418088}.Debug|x64.Build.0 = Debug|Any CPU
		{DB9AFE13-F16A-44A3-B507-EF04E7418088}.Debug|x86.ActiveCfg = Debug|Any CPU
		{DB9AFE13-F16A-44A3-B507-EF04E7418088}.Debug|x86.Build.0 = Debug|Any CPU
		{DB9AFE13-F16A-44A3-B507-EF04E7418088}.Release|Any CPU.ActiveCfg = Release|Any CPU
		{DB9AFE13-F16A-44A3-B507-EF04E7418088}.Release|Any CPU.Build.0 = Release|Any CPU
		{DB9AFE13-F16A-44A3-B507-EF04E7418088}.Release|x64.ActiveCfg = Release|Any CPU
		{DB9AFE13-F16A-44A3-B507-EF04E7418088}.Release|x64.Build.0 = Release|Any CPU
		{DB9AFE13-F16A-44A3-B507-EF04E7418088}.Release|x86.ActiveCfg = Release|Any CPU
		{DB9AFE13-F16A-44A3-B507-EF04E7418088}.Release|x86.Build.0 = Release|Any CPU
	EndGlobalSection
	GlobalSection(NestedProjects) = preSolution
		{1DFE1AF1-3A1E-4D22-86D3-802B5249087C} = {49E18C12-4851-4C7C-BC0A-D0FFE1939AA0}
		{FD5B498F-5054-48EA-A604-43259D4EC4DF} = {49E18C12-4851-4C7C-BC0A-D0FFE1939AA0}
		{D09D18D2-8CBD-40B3-B24A-5A5B4C7EE606} = {49E18C12-4851-4C7C-BC0A-D0FFE1939AA0}
		{3A4E622D-97FF-41E7-83DD-7DF64CA43000} = {49E18C12-4851-4C7C-BC0A-D0FFE1939AA0}
		{405D70D3-21FA-4B2B-8298-9D8EDF5CC44C} = {49E18C12-4851-4C7C-BC0A-D0FFE1939AA0}
		{05BFF3B7-86BD-4CF5-B8C8-B6813A3251CE} = {49E18C12-4851-4C7C-BC0A-D0FFE1939AA0}
		{608EB3EC-8E85-49A4-AA51-EF5472CE4144} = {49E18C12-4851-4C7C-BC0A-D0FFE1939AA0}
		{824E25CA-A742-4785-BF86-19CB57902D9D} = {49E18C12-4851-4C7C-BC0A-D0FFE1939AA0}
		{CBB9F461-0537-4ECE-8368-A7B80F1265BD} = {49E18C12-4851-4C7C-BC0A-D0FFE1939AA0}
		{CB843507-E47B-4A4E-B8C7-C964E0F58ECD} = {49E18C12-4851-4C7C-BC0A-D0FFE1939AA0}
		{DB9AFE13-F16A-44A3-B507-EF04E7418088} = {49E18C12-4851-4C7C-BC0A-D0FFE1939AA0}
	EndGlobalSection
EndGlobal
